
Microsoft Visual Studio Solution File, Format Version 12.00
# Visual Studio Version 17
VisualStudioVersion = 17.11.35222.181
MinimumVisualStudioVersion = 10.0.40219.1
Project("{8BC9CEB8-8B4A-11D0-8D11-00A0C91BC942}") = "NeuroFine", "NeuroFine.vcxproj", "{7FB0ECE6-2BB5-4A58-9BF9-4085F1D81A09}"
EndProject
Project("{2150E333-8FDC-42A3-9474-1A3956D46DE8}") = "Solution Items", "Solution Items", "{057E9C03-A508-44F8-967F-370893D87EB7}"
	ProjectSection(SolutionItems) = preProject
		neur.bmp = neur.bmp
	EndProjectSection
EndProject
Global
	GlobalSection(SolutionConfigurationPlatforms) = preSolution
		Debug|x64 = Debug|x64
		Debug|x86 = Debug|x86
		Release|x64 = Release|x64
		Release|x86 = Release|x86
	EndGlobalSection
	GlobalSection(ProjectConfigurationPlatforms) = postSolution
		{7FB0ECE6-2BB5-4A58-9BF9-4085F1D81A09}.Debug|x64.ActiveCfg = Debug|x64
		{7FB0ECE6-2BB5-4A58-9BF9-4085F1D81A09}.Debug|x64.Build.0 = Debug|x64
		{7FB0ECE6-2BB5-4A58-9BF9-4085F1D81A09}.Debug|x86.ActiveCfg = Debug|Win32
		{7FB0ECE6-2BB5-4A58-9BF9-4085F1D81A09}.Debug|x86.Build.0 = Debug|Win32
		{7FB0ECE6-2BB5-4A58-9BF9-4085F1D81A09}.Release|x64.ActiveCfg = Release|x64
		{7FB0ECE6-2BB5-4A58-9BF9-4085F1D81A09}.Release|x64.Build.0 = Release|x64
		{7FB0ECE6-2BB5-4A58-9BF9-4085F1D81A09}.Release|x86.ActiveCfg = Release|Win32
		{7FB0ECE6-2BB5-4A58-9BF9-4085F1D81A09}.Release|x86.Build.0 = Release|Win32
	EndGlobalSection
	GlobalSection(SolutionProperties) = preSolution
		HideSolutionNode = FALSE
	EndGlobalSection
	GlobalSection(ExtensibilityGlobals) = postSolution
		SolutionGuid = {63A927AC-A552-4526-AF2C-CBD2CA0323EB}
	EndGlobalSection
EndGlobal
